
Microsoft Visual Studio Solution File, Format Version 12.00
# Visual Studio Version 17
VisualStudioVersion = 17.2.32616.157
MinimumVisualStudioVersion = 10.0.40219.1
Project("{FAE04EC0-301F-11D3-BF4B-00C04F79EFBC}") = "WatchDogApp", "WatchDogApp\WatchDogApp.csproj", "{FD151E29-1FC3-4B54-9634-B1183FBE6850}"
EndProject
Global
	GlobalSection(SolutionConfigurationPlatforms) = preSolution
		Debug|Any CPU = Debug|Any CPU
		Release|Any CPU = Release|Any CPU
	EndGlobalSection
	GlobalSection(ProjectConfigurationPlatforms) = postSolution
		{FD151E29-1FC3-4B54-9634-B1183FBE6850}.Debug|Any CPU.ActiveCfg = Debug|Any CPU
		{FD151E29-1FC3-4B54-9634-B1183FBE6850}.Debug|Any CPU.Build.0 = Debug|Any CPU
		{FD151E29-1FC3-4B54-9634-B1183FBE6850}.Release|Any CPU.ActiveCfg = Release|Any CPU
		{FD151E29-1FC3-4B54-9634-B1183FBE6850}.Release|Any CPU.Build.0 = Release|Any CPU
	EndGlobalSection
	GlobalSection(SolutionProperties) = preSolution
		HideSolutionNode = FALSE
	EndGlobalSection
	GlobalSection(ExtensibilityGlobals) = postSolution
		SolutionGuid = {8680D314-1978-4797-9C4A-EBCF017C40F0}
	EndGlobalSection
EndGlobal
